
Microsoft Visual Studio Solution File, Format Version 12.00
# Visual Studio 15
VisualStudioVersion = 15.0.28307.1401
MinimumVisualStudioVersion = 10.0.40219.1
Project("{FAE04EC0-301F-11D3-BF4B-00C04F79EFBC}") = "MyFirstConsoleApp", "MyFirstConsoleApp\MyFirstConsoleApp.csproj", "{9E74C2EC-5602-4545-A546-2D7BB8B87ACF}"
EndProject
Global
	GlobalSection(SolutionConfigurationPlatforms) = preSolution
		Debug|Any CPU = Debug|Any CPU
		Release|Any CPU = Release|Any CPU
	EndGlobalSection
	GlobalSection(ProjectConfigurationPlatforms) = postSolution
		{9E74C2EC-5602-4545-A546-2D7BB8B87ACF}.Debug|Any CPU.ActiveCfg = Debug|Any CPU
		{9E74C2EC-5602-4545-A546-2D7BB8B87ACF}.Debug|Any CPU.Build.0 = Debug|Any CPU
		{9E74C2EC-5602-4545-A546-2D7BB8B87ACF}.Release|Any CPU.ActiveCfg = Release|Any CPU
		{9E74C2EC-5602-4545-A546-2D7BB8B87ACF}.Release|Any CPU.Build.0 = Release|Any CPU
	EndGlobalSection
	GlobalSection(SolutionProperties) = preSolution
		HideSolutionNode = FALSE
	EndGlobalSection
	GlobalSection(ExtensibilityGlobals) = postSolution
		SolutionGuid = {A0ECADA9-3E34-42F9-A55C-3EE999D82CEA}
	EndGlobalSection
EndGlobal
